
Microsoft Visual Studio Solution File, Format Version 12.00
# Visual Studio Version 17
VisualStudioVersion = 17.11.35312.102
MinimumVisualStudioVersion = 10.0.40219.1
Project("{9A19103F-16F7-4668-BE54-9A1E7A4F7556}") = "Lab1", "Lab1\Lab1.csproj", "{C3BAB405-6E49-47D8-A55C-5B692D84AA3D}"
EndProject
Project("{9A19103F-16F7-4668-BE54-9A1E7A4F7556}") = "Lab1.UnitTests", "Lab1.UnitTests\Lab1.UnitTests.csproj", "{6FF44528-BA75-45E3-9301-6188001ECFEC}"
EndProject
Project("{E53339B2-1760-4266-BCC7-CA923CBCF16C}") = "docker-compose", "docker-compose.dcproj", "{C95059CA-B0C2-404F-834A-91B433FF58C6}"
EndProject
Global
	GlobalSection(SolutionConfigurationPlatforms) = preSolution
		Debug|Any CPU = Debug|Any CPU
		Release|Any CPU = Release|Any CPU
	EndGlobalSection
	GlobalSection(ProjectConfigurationPlatforms) = postSolution
		{C3BAB405-6E49-47D8-A55C-5B692D84AA3D}.Debug|Any CPU.ActiveCfg = Debug|Any CPU
		{C3BAB405-6E49-47D8-A55C-5B692D84AA3D}.Debug|Any CPU.Build.0 = Debug|Any CPU
		{C3BAB405-6E49-47D8-A55C-5B692D84AA3D}.Release|Any CPU.ActiveCfg = Release|Any CPU
		{C3BAB405-6E49-47D8-A55C-5B692D84AA3D}.Release|Any CPU.Build.0 = Release|Any CPU
		{6FF44528-BA75-45E3-9301-6188001ECFEC}.Debug|Any CPU.ActiveCfg = Debug|Any CPU
		{6FF44528-BA75-45E3-9301-6188001ECFEC}.Debug|Any CPU.Build.0 = Debug|Any CPU
		{6FF44528-BA75-45E3-9301-6188001ECFEC}.Release|Any CPU.ActiveCfg = Release|Any CPU
		{6FF44528-BA75-45E3-9301-6188001ECFEC}.Release|Any CPU.Build.0 = Release|Any CPU
		{C95059CA-B0C2-404F-834A-91B433FF58C6}.Debug|Any CPU.ActiveCfg = Debug|Any CPU
		{C95059CA-B0C2-404F-834A-91B433FF58C6}.Debug|Any CPU.Build.0 = Debug|Any CPU
		{C95059CA-B0C2-404F-834A-91B433FF58C6}.Release|Any CPU.ActiveCfg = Release|Any CPU
		{C95059CA-B0C2-404F-834A-91B433FF58C6}.Release|Any CPU.Build.0 = Release|Any CPU
	EndGlobalSection
	GlobalSection(SolutionProperties) = preSolution
		HideSolutionNode = FALSE
	EndGlobalSection
	GlobalSection(ExtensibilityGlobals) = postSolution
		SolutionGuid = {EB58B6FE-C1FC-4EAB-96EB-8E47232CCB76}
	EndGlobalSection
EndGlobal
